
Microsoft Visual Studio Solution File, Format Version 12.00
# Visual Studio 14
VisualStudioVersion = 14.0.25420.1
MinimumVisualStudioVersion = 10.0.40219.1
Project("{FAE04EC0-301F-11D3-BF4B-00C04F79EFBC}") = "Core", "Core\Core.csproj", "{73F34983-F395-485C-A8B3-F041DCC5ABA1}"
EndProject
Project("{FAE04EC0-301F-11D3-BF4B-00C04F79EFBC}") = "MVC", "MVC\MVC.csproj", "{7D31B25D-4162-4D41-B85F-EA65B00A2203}"
EndProject
Global
	GlobalSection(SolutionConfigurationPlatforms) = preSolution
		Debug|Any CPU = Debug|Any CPU
		Release|Any CPU = Release|Any CPU
	EndGlobalSection
	GlobalSection(ProjectConfigurationPlatforms) = postSolution
		{73F34983-F395-485C-A8B3-F041DCC5ABA1}.Debug|Any CPU.ActiveCfg = Debug|Any CPU
		{73F34983-F395-485C-A8B3-F041DCC5ABA1}.Debug|Any CPU.Build.0 = Debug|Any CPU
		{73F34983-F395-485C-A8B3-F041DCC5ABA1}.Release|Any CPU.ActiveCfg = Release|Any CPU
		{73F34983-F395-485C-A8B3-F041DCC5ABA1}.Release|Any CPU.Build.0 = Release|Any CPU
		{7D31B25D-4162-4D41-B85F-EA65B00A2203}.Debug|Any CPU.ActiveCfg = Debug|Any CPU
		{7D31B25D-4162-4D41-B85F-EA65B00A2203}.Debug|Any CPU.Build.0 = Debug|Any CPU
		{7D31B25D-4162-4D41-B85F-EA65B00A2203}.Release|Any CPU.ActiveCfg = Release|Any CPU
		{7D31B25D-4162-4D41-B85F-EA65B00A2203}.Release|Any CPU.Build.0 = Release|Any CPU
	EndGlobalSection
	GlobalSection(SolutionProperties) = preSolution
		HideSolutionNode = FALSE
	EndGlobalSection
EndGlobal
